
Microsoft Visual Studio Solution File, Format Version 12.00
# Visual Studio Version 17
VisualStudioVersion = 17.9.34728.123
MinimumVisualStudioVersion = 10.0.40219.1
Project("{FAE04EC0-301F-11D3-BF4B-00C04F79EFBC}") = "PracticeAPp", "PracticeAPp.csproj", "{21BC1D4F-3EF1-4866-9960-57B56ADD603B}"
EndProject
Global
	GlobalSection(SolutionConfigurationPlatforms) = preSolution
		Debug|Any CPU = Debug|Any CPU
		Release|Any CPU = Release|Any CPU
	EndGlobalSection
	GlobalSection(ProjectConfigurationPlatforms) = postSolution
		{21BC1D4F-3EF1-4866-9960-57B56ADD603B}.Debug|Any CPU.ActiveCfg = Debug|Any CPU
		{21BC1D4F-3EF1-4866-9960-57B56ADD603B}.Debug|Any CPU.Build.0 = Debug|Any CPU
		{21BC1D4F-3EF1-4866-9960-57B56ADD603B}.Release|Any CPU.ActiveCfg = Release|Any CPU
		{21BC1D4F-3EF1-4866-9960-57B56ADD603B}.Release|Any CPU.Build.0 = Release|Any CPU
	EndGlobalSection
	GlobalSection(SolutionProperties) = preSolution
		HideSolutionNode = FALSE
	EndGlobalSection
	GlobalSection(ExtensibilityGlobals) = postSolution
		SolutionGuid = {FC30E5FC-5597-4979-8452-CFBD4B13278E}
	EndGlobalSection
EndGlobal
